{
  "name": "client",
  "version": "1.0.0",
  "lockfileVersion": 3,
  "requires": true,
  "packages": {
    "": {
      "name": "client",
      "version": "1.0.0",
      "license": "ISC",
      "dependencies": {
        "readline-sync": "^1.4.10",
        "short-unique-id": "^5.3.2"
      }
    },
    "node_modules/readline-sync": {
      "version": "1.4.10",
      "resolved": "https://registry.npmjs.org/readline-sync/-/readline-sync-1.4.10.tgz",
      "integrity": "sha512-gNva8/6UAe8QYepIQH/jQ2qn91Qj0B9sYjMBBs3QOB8F2CXcKgLxQaJRP76sWVRQt+QU+8fAkCbCvjjMFu7Ycw==",
      "license": "MIT",
      "engines": {
        "node": ">= 0.8.0"
      }
    },
    "node_modules/short-unique-id": {
      "version": "5.3.2",
      "resolved": "https://registry.npmjs.org/short-unique-id/-/short-unique-id-5.3.2.tgz",
      "integrity": "sha512-KRT/hufMSxXKEDSQujfVE0Faa/kZ51ihUcZQAcmP04t00DvPj7Ox5anHke1sJYUtzSuiT/Y5uyzg/W7bBEGhCg==",
      "license": "Apache-2.0",
      "bin": {
        "short-unique-id": "bin/short-unique-id",
        "suid": "bin/short-unique-id"
      }
    }
  }
}
